
Microsoft Visual Studio Solution File, Format Version 12.00
# Visual Studio Version 17
VisualStudioVersion = 17.0.31903.59
MinimumVisualStudioVersion = 10.0.40219.1
Project("{2150E333-8FDC-42A3-9474-1A3956D46DE8}") = "src", "src", "{07962A7A-1196-4703-9F59-D710D906DCAB}"
EndProject
Project("{FAE04EC0-301F-11D3-BF4B-00C04F79EFBC}") = "Betsson.OnlineWallets.Web", "src\Betsson.OnlineWallets.Web\Betsson.OnlineWallets.Web.csproj", "{5A3EE4DC-0E31-403F-85E6-00861601B7FF}"
EndProject
Project("{FAE04EC0-301F-11D3-BF4B-00C04F79EFBC}") = "Betsson.OnlineWallets", "src\Betsson.OnlineWallets\Betsson.OnlineWallets.csproj", "{3C10BDAD-640C-44BC-B22B-CB3CDE9691A1}"
EndProject
Project("{FAE04EC0-301F-11D3-BF4B-00C04F79EFBC}") = "Betsson.OnlineWallets.Data", "src\Betsson.OnlineWallets.Data\Betsson.OnlineWallets.Data.csproj", "{4D65DE1B-3A57-4E78-981D-2D1279995F6D}"
EndProject
Project("{2150E333-8FDC-42A3-9474-1A3956D46DE8}") = "tests", "tests", "{0AB3BF05-4346-4AA6-1389-037BE0695223}"
EndProject
Project("{FAE04EC0-301F-11D3-BF4B-00C04F79EFBC}") = "Betsson.OnlineWallets.UnitTests", "tests\Betsson.OnlineWallets.UnitTests\Betsson.OnlineWallets.UnitTests.csproj", "{81C81FFB-4455-41CC-9CB5-52CC7D6B5DAF}"
EndProject
Project("{FAE04EC0-301F-11D3-BF4B-00C04F79EFBC}") = "Betsson.OnlineWallets.Data.IntegrationTests", "tests\Betsson.OnlineWallets.Data.IntegrationTests\Betsson.OnlineWallets.Data.IntegrationTests.csproj", "{B7A89FBA-C606-4B3C-AE11-7F239A3375DE}"
EndProject
Project("{FAE04EC0-301F-11D3-BF4B-00C04F79EFBC}") = "Betsson.OnlineWallets.Web.E2ETests", "tests\Betsson.OnlineWallets.Web.E2ETests\Betsson.OnlineWallets.Web.E2ETests.csproj", "{3FE1BD08-9069-43E6-8CB4-0F795448274C}"
EndProject
Project("{FAE04EC0-301F-11D3-BF4B-00C04F79EFBC}") = "Betsson.OnlineWallets.Web.UnitTests", "tests\Betsson.OnlineWallets.Web.UnitTests\Betsson.OnlineWallets.Web.UnitTests.csproj", "{294C9CCE-C068-4C77-A0B7-204A2D977154}"
EndProject
Project("{FAE04EC0-301F-11D3-BF4B-00C04F79EFBC}") = "Betsson.OnlineWallets.Data.UnitTests", "tests\Betsson.OnlineWallets.Data.UnitTests\Betsson.OnlineWallets.Data.UnitTests.csproj", "{D2C27C7C-B9CC-4B9A-AFC5-DC55435165D6}"
EndProject
Global
	GlobalSection(SolutionConfigurationPlatforms) = preSolution
		Debug|Any CPU = Debug|Any CPU
		Debug|x64 = Debug|x64
		Debug|x86 = Debug|x86
		Release|Any CPU = Release|Any CPU
		Release|x64 = Release|x64
		Release|x86 = Release|x86
	EndGlobalSection
	GlobalSection(ProjectConfigurationPlatforms) = postSolution
		{5A3EE4DC-0E31-403F-85E6-00861601B7FF}.Debug|Any CPU.ActiveCfg = Debug|Any CPU
		{5A3EE4DC-0E31-403F-85E6-00861601B7FF}.Debug|Any CPU.Build.0 = Debug|Any CPU
		{5A3EE4DC-0E31-403F-85E6-00861601B7FF}.Debug|x64.ActiveCfg = Debug|Any CPU
		{5A3EE4DC-0E31-403F-85E6-00861601B7FF}.Debug|x64.Build.0 = Debug|Any CPU
		{5A3EE4DC-0E31-403F-85E6-00861601B7FF}.Debug|x86.ActiveCfg = Debug|Any CPU
		{5A3EE4DC-0E31-403F-85E6-00861601B7FF}.Debug|x86.Build.0 = Debug|Any CPU
		{5A3EE4DC-0E31-403F-85E6-00861601B7FF}.Release|Any CPU.ActiveCfg = Release|Any CPU
		{5A3EE4DC-0E31-403F-85E6-00861601B7FF}.Release|Any CPU.Build.0 = Release|Any CPU
		{5A3EE4DC-0E31-403F-85E6-00861601B7FF}.Release|x64.ActiveCfg = Release|Any CPU
		{5A3EE4DC-0E31-403F-85E6-00861601B7FF}.Release|x64.Build.0 = Release|Any CPU
		{5A3EE4DC-0E31-403F-85E6-00861601B7FF}.Release|x86.ActiveCfg = Release|Any CPU
		{5A3EE4DC-0E31-403F-85E6-00861601B7FF}.Release|x86.Build.0 = Release|Any CPU
		{3C10BDAD-640C-44BC-B22B-CB3CDE9691A1}.Debug|Any CPU.ActiveCfg = Debug|Any CPU
		{3C10BDAD-640C-44BC-B22B-CB3CDE9691A1}.Debug|Any CPU.Build.0 = Debug|Any CPU
		{3C10BDAD-640C-44BC-B22B-CB3CDE9691A1}.Debug|x64.ActiveCfg = Debug|Any CPU
		{3C10BDAD-640C-44BC-B22B-CB3CDE9691A1}.Debug|x64.Build.0 = Debug|Any CPU
		{3C10BDAD-640C-44BC-B22B-CB3CDE9691A1}.Debug|x86.ActiveCfg = Debug|Any CPU
		{3C10BDAD-640C-44BC-B22B-CB3CDE9691A1}.Debug|x86.Build.0 = Debug|Any CPU
		{3C10BDAD-640C-44BC-B22B-CB3CDE9691A1}.Release|Any CPU.ActiveCfg = Release|Any CPU
		{3C10BDAD-640C-44BC-B22B-CB3CDE9691A1}.Release|Any CPU.Build.0 = Release|Any CPU
		{3C10BDAD-640C-44BC-B22B-CB3CDE9691A1}.Release|x64.ActiveCfg = Release|Any CPU
		{3C10BDAD-640C-44BC-B22B-CB3CDE9691A1}.Release|x64.Build.0 = Release|Any CPU
		{3C10BDAD-640C-44BC-B22B-CB3CDE9691A1}.Release|x86.ActiveCfg = Release|Any CPU
		{3C10BDAD-640C-44BC-B22B-CB3CDE9691A1}.Release|x86.Build.0 = Release|Any CPU
		{4D65DE1B-3A57-4E78-981D-2D1279995F6D}.Debug|Any CPU.ActiveCfg = Debug|Any CPU
		{4D65DE1B-3A57-4E78-981D-2D1279995F6D}.Debug|Any CPU.Build.0 = Debug|Any CPU
		{4D65DE1B-3A57-4E78-981D-2D1279995F6D}.Debug|x64.ActiveCfg = Debug|Any CPU
		{4D65DE1B-3A57-4E78-981D-2D1279995F6D}.Debug|x64.Build.0 = Debug|Any CPU
		{4D65DE1B-3A57-4E78-981D-2D1279995F6D}.Debug|x86.ActiveCfg = Debug|Any CPU
		{4D65DE1B-3A57-4E78-981D-2D1279995F6D}.Debug|x86.Build.0 = Debug|Any CPU
		{4D65DE1B-3A57-4E78-981D-2D1279995F6D}.Release|Any CPU.ActiveCfg = Release|Any CPU
		{4D65DE1B-3A57-4E78-981D-2D1279995F6D}.Release|Any CPU.Build.0 = Release|Any CPU
		{4D65DE1B-3A57-4E78-981D-2D1279995F6D}.Release|x64.ActiveCfg = Release|Any CPU
		{4D65DE1B-3A57-4E78-981D-2D1279995F6D}.Release|x64.Build.0 = Release|Any CPU
		{4D65DE1B-3A57-4E78-981D-2D1279995F6D}.Release|x86.ActiveCfg = Release|Any CPU
		{4D65DE1B-3A57-4E78-981D-2D1279995F6D}.Release|x86.Build.0 = Release|Any CPU
		{81C81FFB-4455-41CC-9CB5-52CC7D6B5DAF}.Debug|Any CPU.ActiveCfg = Debug|Any CPU
		{81C81FFB-4455-41CC-9CB5-52CC7D6B5DAF}.Debug|Any CPU.Build.0 = Debug|Any CPU
		{81C81FFB-4455-41CC-9CB5-52CC7D6B5DAF}.Debug|x64.ActiveCfg = Debug|Any CPU
		{81C81FFB-4455-41CC-9CB5-52CC7D6B5DAF}.Debug|x64.Build.0 = Debug|Any CPU
		{81C81FFB-4455-41CC-9CB5-52CC7D6B5DAF}.Debug|x86.ActiveCfg = Debug|Any CPU
		{81C81FFB-4455-41CC-9CB5-52CC7D6B5DAF}.Debug|x86.Build.0 = Debug|Any CPU
		{81C81FFB-4455-41CC-9CB5-52CC7D6B5DAF}.Release|Any CPU.ActiveCfg = Release|Any CPU
		{81C81FFB-4455-41CC-9CB5-52CC7D6B5DAF}.Release|Any CPU.Build.0 = Release|Any CPU
		{81C81FFB-4455-41CC-9CB5-52CC7D6B5DAF}.Release|x64.ActiveCfg = Release|Any CPU
		{81C81FFB-4455-41CC-9CB5-52CC7D6B5DAF}.Release|x64.Build.0 = Release|Any CPU
		{81C81FFB-4455-41CC-9CB5-52CC7D6B5DAF}.Release|x86.ActiveCfg = Release|Any CPU
		{81C81FFB-4455-41CC-9CB5-52CC7D6B5DAF}.Release|x86.Build.0 = Release|Any CPU
		{B7A89FBA-C606-4B3C-AE11-7F239A3375DE}.Debug|Any CPU.ActiveCfg = Debug|Any CPU
		{B7A89FBA-C606-4B3C-AE11-7F239A3375DE}.Debug|Any CPU.Build.0 = Debug|Any CPU
		{B7A89FBA-C606-4B3C-AE11-7F239A3375DE}.Debug|x64.ActiveCfg = Debug|Any CPU
		{B7A89FBA-C606-4B3C-AE11-7F239A3375DE}.Debug|x64.Build.0 = Debug|Any CPU
		{B7A89FBA-C606-4B3C-AE11-7F239A3375DE}.Debug|x86.ActiveCfg = Debug|Any CPU
		{B7A89FBA-C606-4B3C-AE11-7F239A3375DE}.Debug|x86.Build.0 = Debug|Any CPU
		{B7A89FBA-C606-4B3C-AE11-7F239A3375DE}.Release|Any CPU.ActiveCfg = Release|Any CPU
		{B7A89FBA-C606-4B3C-AE11-7F239A3375DE}.Release|Any CPU.Build.0 = Release|Any CPU
		{B7A89FBA-C606-4B3C-AE11-7F239A3375DE}.Release|x64.ActiveCfg = Release|Any CPU
		{B7A89FBA-C606-4B3C-AE11-7F239A3375DE}.Release|x64.Build.0 = Release|Any CPU
		{B7A89FBA-C606-4B3C-AE11-7F239A3375DE}.Release|x86.ActiveCfg = Release|Any CPU
		{B7A89FBA-C606-4B3C-AE11-7F239A3375DE}.Release|x86.Build.0 = Release|Any CPU
		{3FE1BD08-9069-43E6-8CB4-0F795448274C}.Debug|Any CPU.ActiveCfg = Debug|Any CPU
		{3FE1BD08-9069-43E6-8CB4-0F795448274C}.Debug|Any CPU.Build.0 = Debug|Any CPU
		{3FE1BD08-9069-43E6-8CB4-0F795448274C}.Debug|x64.ActiveCfg = Debug|Any CPU
		{3FE1BD08-9069-43E6-8CB4-0F795448274C}.Debug|x64.Build.0 = Debug|Any CPU
		{3FE1BD08-9069-43E6-8CB4-0F795448274C}.Debug|x86.ActiveCfg = Debug|Any CPU
		{3FE1BD08-9069-43E6-8CB4-0F795448274C}.Debug|x86.Build.0 = Debug|Any CPU
		{3FE1BD08-9069-43E6-8CB4-0F795448274C}.Release|Any CPU.ActiveCfg = Release|Any CPU
		{3FE1BD08-9069-43E6-8CB4-0F795448274C}.Release|Any CPU.Build.0 = Release|Any CPU
		{3FE1BD08-9069-43E6-8CB4-0F795448274C}.Release|x64.ActiveCfg = Release|Any CPU
		{3FE1BD08-9069-43E6-8CB4-0F795448274C}.Release|x64.Build.0 = Release|Any CPU
		{3FE1BD08-9069-43E6-8CB4-0F795448274C}.Release|x86.ActiveCfg = Release|Any CPU
		{3FE1BD08-9069-43E6-8CB4-0F795448274C}.Release|x86.Build.0 = Release|Any CPU
		{294C9CCE-C068-4C77-A0B7-204A2D977154}.Debug|Any CPU.ActiveCfg = Debug|Any CPU
		{294C9CCE-C068-4C77-A0B7-204A2D977154}.Debug|Any CPU.Build.0 = Debug|Any CPU
		{294C9CCE-C068-4C77-A0B7-204A2D977154}.Debug|x64.ActiveCfg = Debug|Any CPU
		{294C9CCE-C068-4C77-A0B7-204A2D977154}.Debug|x64.Build.0 = Debug|Any CPU
		{294C9CCE-C068-4C77-A0B7-204A2D977154}.Debug|x86.ActiveCfg = Debug|Any CPU
		{294C9CCE-C068-4C77-A0B7-204A2D977154}.Debug|x86.Build.0 = Debug|Any CPU
		{294C9CCE-C068-4C77-A0B7-204A2D977154}.Release|Any CPU.ActiveCfg = Release|Any CPU
		{294C9CCE-C068-4C77-A0B7-204A2D977154}.Release|Any CPU.Build.0 = Release|Any CPU
		{294C9CCE-C068-4C77-A0B7-204A2D977154}.Release|x64.ActiveCfg = Release|Any CPU
		{294C9CCE-C068-4C77-A0B7-204A2D977154}.Release|x64.Build.0 = Release|Any CPU
		{294C9CCE-C068-4C77-A0B7-204A2D977154}.Release|x86.ActiveCfg = Release|Any CPU
		{294C9CCE-C068-4C77-A0B7-204A2D977154}.Release|x86.Build.0 = Release|Any CPU
		{D2C27C7C-B9CC-4B9A-AFC5-DC55435165D6}.Debug|Any CPU.ActiveCfg = Debug|Any CPU
		{D2C27C7C-B9CC-4B9A-AFC5-DC55435165D6}.Debug|Any CPU.Build.0 = Debug|Any CPU
		{D2C27C7C-B9CC-4B9A-AFC5-DC55435165D6}.Debug|x64.ActiveCfg = Debug|Any CPU
		{D2C27C7C-B9CC-4B9A-AFC5-DC55435165D6}.Debug|x64.Build.0 = Debug|Any CPU
		{D2C27C7C-B9CC-4B9A-AFC5-DC55435165D6}.Debug|x86.ActiveCfg = Debug|Any CPU
		{D2C27C7C-B9CC-4B9A-AFC5-DC55435165D6}.Debug|x86.Build.0 = Debug|Any CPU
		{D2C27C7C-B9CC-4B9A-AFC5-DC55435165D6}.Release|Any CPU.ActiveCfg = Release|Any CPU
		{D2C27C7C-B9CC-4B9A-AFC5-DC55435165D6}.Release|Any CPU.Build.0 = Release|Any CPU
		{D2C27C7C-B9CC-4B9A-AFC5-DC55435165D6}.Release|x64.ActiveCfg = Release|Any CPU
		{D2C27C7C-B9CC-4B9A-AFC5-DC55435165D6}.Release|x64.Build.0 = Release|Any CPU
		{D2C27C7C-B9CC-4B9A-AFC5-DC55435165D6}.Release|x86.ActiveCfg = Release|Any CPU
		{D2C27C7C-B9CC-4B9A-AFC5-DC55435165D6}.Release|x86.Build.0 = Release|Any CPU
	EndGlobalSection
	GlobalSection(SolutionProperties) = preSolution
		HideSolutionNode = FALSE
	EndGlobalSection
	GlobalSection(NestedProjects) = preSolution
		{5A3EE4DC-0E31-403F-85E6-00861601B7FF} = {07962A7A-1196-4703-9F59-D710D906DCAB}
		{3C10BDAD-640C-44BC-B22B-CB3CDE9691A1} = {07962A7A-1196-4703-9F59-D710D906DCAB}
		{4D65DE1B-3A57-4E78-981D-2D1279995F6D} = {07962A7A-1196-4703-9F59-D710D906DCAB}
		{81C81FFB-4455-41CC-9CB5-52CC7D6B5DAF} = {0AB3BF05-4346-4AA6-1389-037BE0695223}
		{B7A89FBA-C606-4B3C-AE11-7F239A3375DE} = {0AB3BF05-4346-4AA6-1389-037BE0695223}
		{3FE1BD08-9069-43E6-8CB4-0F795448274C} = {0AB3BF05-4346-4AA6-1389-037BE0695223}
		{294C9CCE-C068-4C77-A0B7-204A2D977154} = {0AB3BF05-4346-4AA6-1389-037BE0695223}
		{D2C27C7C-B9CC-4B9A-AFC5-DC55435165D6} = {0AB3BF05-4346-4AA6-1389-037BE0695223}
	EndGlobalSection
	GlobalSection(ExtensibilityGlobals) = postSolution
		SolutionGuid = {5ED057DC-F632-472F-BD60-A5D5C24DDE3C}
	EndGlobalSection
EndGlobal
